
Microsoft Visual Studio Solution File, Format Version 12.00
# Visual Studio Version 17
VisualStudioVersion = 17.7.34031.279
MinimumVisualStudioVersion = 10.0.40219.1
Project("{FAE04EC0-301F-11D3-BF4B-00C04F79EFBC}") = "Todo.API", "Todo.API\Todo.API.csproj", "{730D15A4-7595-4315-8FF8-603F136FC827}"
EndProject
Global
	GlobalSection(SolutionConfigurationPlatforms) = preSolution
		Debug|Any CPU = Debug|Any CPU
		Release|Any CPU = Release|Any CPU
	EndGlobalSection
	GlobalSection(ProjectConfigurationPlatforms) = postSolution
		{730D15A4-7595-4315-8FF8-603F136FC827}.Debug|Any CPU.ActiveCfg = Debug|Any CPU
		{730D15A4-7595-4315-8FF8-603F136FC827}.Debug|Any CPU.Build.0 = Debug|Any CPU
		{730D15A4-7595-4315-8FF8-603F136FC827}.Release|Any CPU.ActiveCfg = Release|Any CPU
		{730D15A4-7595-4315-8FF8-603F136FC827}.Release|Any CPU.Build.0 = Release|Any CPU
	EndGlobalSection
	GlobalSection(SolutionProperties) = preSolution
		HideSolutionNode = FALSE
	EndGlobalSection
	GlobalSection(ExtensibilityGlobals) = postSolution
		SolutionGuid = {7D444AAB-36E0-4044-8F45-5C0C86F0D602}
	EndGlobalSection
EndGlobal
